
Microsoft Visual Studio Solution File, Format Version 12.00
# Visual Studio 15
Project("{FAE04EC0-301F-11D3-BF4B-00C04F79EFBC}") = "HybridCLR.Editor", "HybridCLR.Editor.csproj", "{1F09DC19-4534-DFA5-9533-FA19A3ACE07B}"
EndProject
Project("{FAE04EC0-301F-11D3-BF4B-00C04F79EFBC}") = "GameMain", "GameMain.csproj", "{ACEF72E2-B494-5D9C-E8C7-3EC373F133B7}"
EndProject
Project("{FAE04EC0-301F-11D3-BF4B-00C04F79EFBC}") = "Framework", "Framework.csproj", "{2FBA3F51-0B1A-2C4E-44AC-2AEAC2FC1A14}"
EndProject
Project("{FAE04EC0-301F-11D3-BF4B-00C04F79EFBC}") = "Unity.Addressables.Editor", "Unity.Addressables.Editor.csproj", "{970230FC-4AE6-8402-8F92-C35B433C7EA3}"
EndProject
Project("{FAE04EC0-301F-11D3-BF4B-00C04F79EFBC}") = "GameEntry", "GameEntry.csproj", "{3B8FABBA-A61D-F651-734E-D3BDC6C342C5}"
EndProject
Project("{FAE04EC0-301F-11D3-BF4B-00C04F79EFBC}") = "Unity.ResourceManager.Tests", "Unity.ResourceManager.Tests.csproj", "{125AE69C-DCDD-721B-2331-63175FC90D39}"
EndProject
Project("{FAE04EC0-301F-11D3-BF4B-00C04F79EFBC}") = "Unity.Addressables.Editor.Tests", "Unity.Addressables.Editor.Tests.csproj", "{F0CC338E-FDF2-21C6-B7EF-0C62825C65D6}"
EndProject
Project("{FAE04EC0-301F-11D3-BF4B-00C04F79EFBC}") = "Unity.ResourceManager", "Unity.ResourceManager.csproj", "{D4AA23E8-F629-640B-44AC-3417E1D143EA}"
EndProject
Project("{FAE04EC0-301F-11D3-BF4B-00C04F79EFBC}") = "Unity.Addressables.Editor.Tests.DocExampleCode", "Unity.Addressables.Editor.Tests.DocExampleCode.csproj", "{91094F77-038A-B5F6-5C78-169412311838}"
EndProject
Project("{FAE04EC0-301F-11D3-BF4B-00C04F79EFBC}") = "Unity.Addressables", "Unity.Addressables.csproj", "{32E4B20E-2BFB-CC2C-9325-492834B2407F}"
EndProject
Project("{FAE04EC0-301F-11D3-BF4B-00C04F79EFBC}") = "Assembly-CSharp-Editor", "Assembly-CSharp-Editor.csproj", "{5544F79C-5306-909F-C855-53D6959D5DFD}"
EndProject
Project("{FAE04EC0-301F-11D3-BF4B-00C04F79EFBC}") = "Launcher", "Launcher.csproj", "{D4894E55-CA47-EB94-5170-C34041AC1457}"
EndProject
Project("{FAE04EC0-301F-11D3-BF4B-00C04F79EFBC}") = "Config", "Config.csproj", "{94542C7B-9BB4-FD46-C446-D8E5961C6FC9}"
EndProject
Project("{FAE04EC0-301F-11D3-BF4B-00C04F79EFBC}") = "Unity.Addressables.Tests", "Unity.Addressables.Tests.csproj", "{E79AB701-3E96-0510-0518-BE61B6292928}"
EndProject
Project("{FAE04EC0-301F-11D3-BF4B-00C04F79EFBC}") = "DOTween.Modules", "DOTween.Modules.csproj", "{54061DD7-B212-18EF-CEB9-4EF7960CC1FF}"
EndProject
Project("{FAE04EC0-301F-11D3-BF4B-00C04F79EFBC}") = "Sirenix.OdinInspector.Modules.Unity.Addressables", "Sirenix.OdinInspector.Modules.Unity.Addressables.csproj", "{5B040496-49BE-72DF-A7A3-7C30AD544DD4}"
EndProject
Project("{FAE04EC0-301F-11D3-BF4B-00C04F79EFBC}") = "AOTGeneric", "AOTGeneric.csproj", "{97DE314B-A234-B3F6-517B-CFF59256BF47}"
EndProject
Project("{FAE04EC0-301F-11D3-BF4B-00C04F79EFBC}") = "Test.Runtime", "Test.Runtime.csproj", "{B08DB994-80C6-7BA0-9DDC-3341CC47BE80}"
EndProject
Project("{FAE04EC0-301F-11D3-BF4B-00C04F79EFBC}") = "HybridCLR.Runtime", "HybridCLR.Runtime.csproj", "{08E28C93-2097-5ED2-A215-1079BAA97E3E}"
EndProject
Project("{FAE04EC0-301F-11D3-BF4B-00C04F79EFBC}") = "Protos", "Protos.csproj", "{EEA02984-0A7B-8DD5-7A87-DB39C7E1C545}"
EndProject
Project("{FAE04EC0-301F-11D3-BF4B-00C04F79EFBC}") = "Assembly-CSharp", "Assembly-CSharp.csproj", "{12F44184-A422-5F27-22E6-507969043F15}"
EndProject
Project("{FAE04EC0-301F-11D3-BF4B-00C04F79EFBC}") = "Test.Editor", "Test.Editor.csproj", "{A804F36B-EBDE-77B5-850B-A9EA35CD2928}"
EndProject
Project("{FAE04EC0-301F-11D3-BF4B-00C04F79EFBC}") = "AOTBase", "AOTBase.csproj", "{999BC98C-F66F-B093-9F8A-C4345EE878D1}"
EndProject
Project("{FAE04EC0-301F-11D3-BF4B-00C04F79EFBC}") = "Sirenix.OdinInspector.Modules.UnityMathematics", "Sirenix.OdinInspector.Modules.UnityMathematics.csproj", "{35931AAE-151F-F6A1-38E2-06A13F57759F}"
EndProject
Global
	GlobalSection(SolutionConfigurationPlatforms) = preSolution
		Debug|Any CPU = Debug|Any CPU
		Release|Any CPU = Release|Any CPU
	EndGlobalSection
	GlobalSection(ProjectConfigurationPlatforms) = postSolution
		{1F09DC19-4534-DFA5-9533-FA19A3ACE07B}.Debug|Any CPU.ActiveCfg = Debug|Any CPU
		{1F09DC19-4534-DFA5-9533-FA19A3ACE07B}.Debug|Any CPU.Build.0 = Debug|Any CPU
		{1F09DC19-4534-DFA5-9533-FA19A3ACE07B}.Release|Any CPU.ActiveCfg = Release|Any CPU
		{1F09DC19-4534-DFA5-9533-FA19A3ACE07B}.Release|Any CPU.Build.0 = Release|Any CPU
		{ACEF72E2-B494-5D9C-E8C7-3EC373F133B7}.Debug|Any CPU.ActiveCfg = Debug|Any CPU
		{ACEF72E2-B494-5D9C-E8C7-3EC373F133B7}.Debug|Any CPU.Build.0 = Debug|Any CPU
		{ACEF72E2-B494-5D9C-E8C7-3EC373F133B7}.Release|Any CPU.ActiveCfg = Release|Any CPU
		{ACEF72E2-B494-5D9C-E8C7-3EC373F133B7}.Release|Any CPU.Build.0 = Release|Any CPU
		{2FBA3F51-0B1A-2C4E-44AC-2AEAC2FC1A14}.Debug|Any CPU.ActiveCfg = Debug|Any CPU
		{2FBA3F51-0B1A-2C4E-44AC-2AEAC2FC1A14}.Debug|Any CPU.Build.0 = Debug|Any CPU
		{2FBA3F51-0B1A-2C4E-44AC-2AEAC2FC1A14}.Release|Any CPU.ActiveCfg = Release|Any CPU
		{2FBA3F51-0B1A-2C4E-44AC-2AEAC2FC1A14}.Release|Any CPU.Build.0 = Release|Any CPU
		{970230FC-4AE6-8402-8F92-C35B433C7EA3}.Debug|Any CPU.ActiveCfg = Debug|Any CPU
		{970230FC-4AE6-8402-8F92-C35B433C7EA3}.Debug|Any CPU.Build.0 = Debug|Any CPU
		{970230FC-4AE6-8402-8F92-C35B433C7EA3}.Release|Any CPU.ActiveCfg = Release|Any CPU
		{970230FC-4AE6-8402-8F92-C35B433C7EA3}.Release|Any CPU.Build.0 = Release|Any CPU
		{3B8FABBA-A61D-F651-734E-D3BDC6C342C5}.Debug|Any CPU.ActiveCfg = Debug|Any CPU
		{3B8FABBA-A61D-F651-734E-D3BDC6C342C5}.Debug|Any CPU.Build.0 = Debug|Any CPU
		{3B8FABBA-A61D-F651-734E-D3BDC6C342C5}.Release|Any CPU.ActiveCfg = Release|Any CPU
		{3B8FABBA-A61D-F651-734E-D3BDC6C342C5}.Release|Any CPU.Build.0 = Release|Any CPU
		{125AE69C-DCDD-721B-2331-63175FC90D39}.Debug|Any CPU.ActiveCfg = Debug|Any CPU
		{125AE69C-DCDD-721B-2331-63175FC90D39}.Debug|Any CPU.Build.0 = Debug|Any CPU
		{125AE69C-DCDD-721B-2331-63175FC90D39}.Release|Any CPU.ActiveCfg = Release|Any CPU
		{125AE69C-DCDD-721B-2331-63175FC90D39}.Release|Any CPU.Build.0 = Release|Any CPU
		{F0CC338E-FDF2-21C6-B7EF-0C62825C65D6}.Debug|Any CPU.ActiveCfg = Debug|Any CPU
		{F0CC338E-FDF2-21C6-B7EF-0C62825C65D6}.Debug|Any CPU.Build.0 = Debug|Any CPU
		{F0CC338E-FDF2-21C6-B7EF-0C62825C65D6}.Release|Any CPU.ActiveCfg = Release|Any CPU
		{F0CC338E-FDF2-21C6-B7EF-0C62825C65D6}.Release|Any CPU.Build.0 = Release|Any CPU
		{D4AA23E8-F629-640B-44AC-3417E1D143EA}.Debug|Any CPU.ActiveCfg = Debug|Any CPU
		{D4AA23E8-F629-640B-44AC-3417E1D143EA}.Debug|Any CPU.Build.0 = Debug|Any CPU
		{D4AA23E8-F629-640B-44AC-3417E1D143EA}.Release|Any CPU.ActiveCfg = Release|Any CPU
		{D4AA23E8-F629-640B-44AC-3417E1D143EA}.Release|Any CPU.Build.0 = Release|Any CPU
		{91094F77-038A-B5F6-5C78-169412311838}.Debug|Any CPU.ActiveCfg = Debug|Any CPU
		{91094F77-038A-B5F6-5C78-169412311838}.Debug|Any CPU.Build.0 = Debug|Any CPU
		{91094F77-038A-B5F6-5C78-169412311838}.Release|Any CPU.ActiveCfg = Release|Any CPU
		{91094F77-038A-B5F6-5C78-169412311838}.Release|Any CPU.Build.0 = Release|Any CPU
		{32E4B20E-2BFB-CC2C-9325-492834B2407F}.Debug|Any CPU.ActiveCfg = Debug|Any CPU
		{32E4B20E-2BFB-CC2C-9325-492834B2407F}.Debug|Any CPU.Build.0 = Debug|Any CPU
		{32E4B20E-2BFB-CC2C-9325-492834B2407F}.Release|Any CPU.ActiveCfg = Release|Any CPU
		{32E4B20E-2BFB-CC2C-9325-492834B2407F}.Release|Any CPU.Build.0 = Release|Any CPU
		{5544F79C-5306-909F-C855-53D6959D5DFD}.Debug|Any CPU.ActiveCfg = Debug|Any CPU
		{5544F79C-5306-909F-C855-53D6959D5DFD}.Debug|Any CPU.Build.0 = Debug|Any CPU
		{5544F79C-5306-909F-C855-53D6959D5DFD}.Release|Any CPU.ActiveCfg = Release|Any CPU
		{5544F79C-5306-909F-C855-53D6959D5DFD}.Release|Any CPU.Build.0 = Release|Any CPU
		{D4894E55-CA47-EB94-5170-C34041AC1457}.Debug|Any CPU.ActiveCfg = Debug|Any CPU
		{D4894E55-CA47-EB94-5170-C34041AC1457}.Debug|Any CPU.Build.0 = Debug|Any CPU
		{D4894E55-CA47-EB94-5170-C34041AC1457}.Release|Any CPU.ActiveCfg = Release|Any CPU
		{D4894E55-CA47-EB94-5170-C34041AC1457}.Release|Any CPU.Build.0 = Release|Any CPU
		{94542C7B-9BB4-FD46-C446-D8E5961C6FC9}.Debug|Any CPU.ActiveCfg = Debug|Any CPU
		{94542C7B-9BB4-FD46-C446-D8E5961C6FC9}.Debug|Any CPU.Build.0 = Debug|Any CPU
		{94542C7B-9BB4-FD46-C446-D8E5961C6FC9}.Release|Any CPU.ActiveCfg = Release|Any CPU
		{94542C7B-9BB4-FD46-C446-D8E5961C6FC9}.Release|Any CPU.Build.0 = Release|Any CPU
		{E79AB701-3E96-0510-0518-BE61B6292928}.Debug|Any CPU.ActiveCfg = Debug|Any CPU
		{E79AB701-3E96-0510-0518-BE61B6292928}.Debug|Any CPU.Build.0 = Debug|Any CPU
		{E79AB701-3E96-0510-0518-BE61B6292928}.Release|Any CPU.ActiveCfg = Release|Any CPU
		{E79AB701-3E96-0510-0518-BE61B6292928}.Release|Any CPU.Build.0 = Release|Any CPU
		{54061DD7-B212-18EF-CEB9-4EF7960CC1FF}.Debug|Any CPU.ActiveCfg = Debug|Any CPU
		{54061DD7-B212-18EF-CEB9-4EF7960CC1FF}.Debug|Any CPU.Build.0 = Debug|Any CPU
		{54061DD7-B212-18EF-CEB9-4EF7960CC1FF}.Release|Any CPU.ActiveCfg = Release|Any CPU
		{54061DD7-B212-18EF-CEB9-4EF7960CC1FF}.Release|Any CPU.Build.0 = Release|Any CPU
		{5B040496-49BE-72DF-A7A3-7C30AD544DD4}.Debug|Any CPU.ActiveCfg = Debug|Any CPU
		{5B040496-49BE-72DF-A7A3-7C30AD544DD4}.Debug|Any CPU.Build.0 = Debug|Any CPU
		{5B040496-49BE-72DF-A7A3-7C30AD544DD4}.Release|Any CPU.ActiveCfg = Release|Any CPU
		{5B040496-49BE-72DF-A7A3-7C30AD544DD4}.Release|Any CPU.Build.0 = Release|Any CPU
		{97DE314B-A234-B3F6-517B-CFF59256BF47}.Debug|Any CPU.ActiveCfg = Debug|Any CPU
		{97DE314B-A234-B3F6-517B-CFF59256BF47}.Debug|Any CPU.Build.0 = Debug|Any CPU
		{97DE314B-A234-B3F6-517B-CFF59256BF47}.Release|Any CPU.ActiveCfg = Release|Any CPU
		{97DE314B-A234-B3F6-517B-CFF59256BF47}.Release|Any CPU.Build.0 = Release|Any CPU
		{B08DB994-80C6-7BA0-9DDC-3341CC47BE80}.Debug|Any CPU.ActiveCfg = Debug|Any CPU
		{B08DB994-80C6-7BA0-9DDC-3341CC47BE80}.Debug|Any CPU.Build.0 = Debug|Any CPU
		{B08DB994-80C6-7BA0-9DDC-3341CC47BE80}.Release|Any CPU.ActiveCfg = Release|Any CPU
		{B08DB994-80C6-7BA0-9DDC-3341CC47BE80}.Release|Any CPU.Build.0 = Release|Any CPU
		{08E28C93-2097-5ED2-A215-1079BAA97E3E}.Debug|Any CPU.ActiveCfg = Debug|Any CPU
		{08E28C93-2097-5ED2-A215-1079BAA97E3E}.Debug|Any CPU.Build.0 = Debug|Any CPU
		{08E28C93-2097-5ED2-A215-1079BAA97E3E}.Release|Any CPU.ActiveCfg = Release|Any CPU
		{08E28C93-2097-5ED2-A215-1079BAA97E3E}.Release|Any CPU.Build.0 = Release|Any CPU
		{EEA02984-0A7B-8DD5-7A87-DB39C7E1C545}.Debug|Any CPU.ActiveCfg = Debug|Any CPU
		{EEA02984-0A7B-8DD5-7A87-DB39C7E1C545}.Debug|Any CPU.Build.0 = Debug|Any CPU
		{EEA02984-0A7B-8DD5-7A87-DB39C7E1C545}.Release|Any CPU.ActiveCfg = Release|Any CPU
		{EEA02984-0A7B-8DD5-7A87-DB39C7E1C545}.Release|Any CPU.Build.0 = Release|Any CPU
		{12F44184-A422-5F27-22E6-507969043F15}.Debug|Any CPU.ActiveCfg = Debug|Any CPU
		{12F44184-A422-5F27-22E6-507969043F15}.Debug|Any CPU.Build.0 = Debug|Any CPU
		{12F44184-A422-5F27-22E6-507969043F15}.Release|Any CPU.ActiveCfg = Release|Any CPU
		{12F44184-A422-5F27-22E6-507969043F15}.Release|Any CPU.Build.0 = Release|Any CPU
		{A804F36B-EBDE-77B5-850B-A9EA35CD2928}.Debug|Any CPU.ActiveCfg = Debug|Any CPU
		{A804F36B-EBDE-77B5-850B-A9EA35CD2928}.Debug|Any CPU.Build.0 = Debug|Any CPU
		{A804F36B-EBDE-77B5-850B-A9EA35CD2928}.Release|Any CPU.ActiveCfg = Release|Any CPU
		{A804F36B-EBDE-77B5-850B-A9EA35CD2928}.Release|Any CPU.Build.0 = Release|Any CPU
		{999BC98C-F66F-B093-9F8A-C4345EE878D1}.Debug|Any CPU.ActiveCfg = Debug|Any CPU
		{999BC98C-F66F-B093-9F8A-C4345EE878D1}.Debug|Any CPU.Build.0 = Debug|Any CPU
		{999BC98C-F66F-B093-9F8A-C4345EE878D1}.Release|Any CPU.ActiveCfg = Release|Any CPU
		{999BC98C-F66F-B093-9F8A-C4345EE878D1}.Release|Any CPU.Build.0 = Release|Any CPU
		{35931AAE-151F-F6A1-38E2-06A13F57759F}.Debug|Any CPU.ActiveCfg = Debug|Any CPU
		{35931AAE-151F-F6A1-38E2-06A13F57759F}.Debug|Any CPU.Build.0 = Debug|Any CPU
		{35931AAE-151F-F6A1-38E2-06A13F57759F}.Release|Any CPU.ActiveCfg = Release|Any CPU
		{35931AAE-151F-F6A1-38E2-06A13F57759F}.Release|Any CPU.Build.0 = Release|Any CPU
	EndGlobalSection
	GlobalSection(SolutionProperties) = preSolution
		HideSolutionNode = FALSE
	EndGlobalSection
EndGlobal
